
Microsoft Visual Studio Solution File, Format Version 12.00
# Visual Studio Version 16
VisualStudioVersion = 16.0.30011.22
MinimumVisualStudioVersion = 10.0.40219.1
Project("{8BC9CEB8-8B4A-11D0-8D11-00A0C91BC942}") = "Proyecto-Juego", "Proyecto-Juego\Proyecto-Juego.vcxproj", "{4FBF84D8-BB42-44A9-BA92-EFE26A34B3A4}"
EndProject
Global
	GlobalSection(SolutionConfigurationPlatforms) = preSolution
		Debug|x64 = Debug|x64
		Debug|x86 = Debug|x86
		Release|x64 = Release|x64
		Release|x86 = Release|x86
	EndGlobalSection
	GlobalSection(ProjectConfigurationPlatforms) = postSolution
		{4FBF84D8-BB42-44A9-BA92-EFE26A34B3A4}.Debug|x64.ActiveCfg = Debug|x64
		{4FBF84D8-BB42-44A9-BA92-EFE26A34B3A4}.Debug|x64.Build.0 = Debug|x64
		{4FBF84D8-BB42-44A9-BA92-EFE26A34B3A4}.Debug|x86.ActiveCfg = Debug|Win32
		{4FBF84D8-BB42-44A9-BA92-EFE26A34B3A4}.Debug|x86.Build.0 = Debug|Win32
		{4FBF84D8-BB42-44A9-BA92-EFE26A34B3A4}.Release|x64.ActiveCfg = Release|x64
		{4FBF84D8-BB42-44A9-BA92-EFE26A34B3A4}.Release|x64.Build.0 = Release|x64
		{4FBF84D8-BB42-44A9-BA92-EFE26A34B3A4}.Release|x86.ActiveCfg = Release|Win32
		{4FBF84D8-BB42-44A9-BA92-EFE26A34B3A4}.Release|x86.Build.0 = Release|Win32
	EndGlobalSection
	GlobalSection(SolutionProperties) = preSolution
		HideSolutionNode = FALSE
	EndGlobalSection
	GlobalSection(ExtensibilityGlobals) = postSolution
		SolutionGuid = {6D601703-BF64-4F49-BD07-A60EBDF691AC}
	EndGlobalSection
EndGlobal
